
Microsoft Visual Studio Solution File, Format Version 12.00
# Visual Studio 14
VisualStudioVersion = 14.0.25123.0
MinimumVisualStudioVersion = 10.0.40219.1
Project("{FAE04EC0-301F-11D3-BF4B-00C04F79EFBC}") = "RibbonBimStarter", "RibbonBimStarter\RibbonBimStarter.csproj", "{B9393133-0826-4AAE-9060-DB503F19C11A}"
EndProject
Global
	GlobalSection(SolutionConfigurationPlatforms) = preSolution
		R2017|Any CPU = R2017|Any CPU
		R2018|Any CPU = R2018|Any CPU
		R2019|Any CPU = R2019|Any CPU
		R2020|Any CPU = R2020|Any CPU
		R2021|Any CPU = R2021|Any CPU
		R2022|Any CPU = R2022|Any CPU
		R2023|Any CPU = R2023|Any CPU
	EndGlobalSection
	GlobalSection(ProjectConfigurationPlatforms) = postSolution
		{B9393133-0826-4AAE-9060-DB503F19C11A}.R2017|Any CPU.ActiveCfg = R2017|Any CPU
		{B9393133-0826-4AAE-9060-DB503F19C11A}.R2017|Any CPU.Build.0 = R2017|Any CPU
		{B9393133-0826-4AAE-9060-DB503F19C11A}.R2018|Any CPU.ActiveCfg = R2018|Any CPU
		{B9393133-0826-4AAE-9060-DB503F19C11A}.R2018|Any CPU.Build.0 = R2018|Any CPU
		{B9393133-0826-4AAE-9060-DB503F19C11A}.R2019|Any CPU.ActiveCfg = R2019|Any CPU
		{B9393133-0826-4AAE-9060-DB503F19C11A}.R2019|Any CPU.Build.0 = R2019|Any CPU
		{B9393133-0826-4AAE-9060-DB503F19C11A}.R2020|Any CPU.ActiveCfg = R2020|Any CPU
		{B9393133-0826-4AAE-9060-DB503F19C11A}.R2020|Any CPU.Build.0 = R2020|Any CPU
		{B9393133-0826-4AAE-9060-DB503F19C11A}.R2021|Any CPU.ActiveCfg = R2021|Any CPU
		{B9393133-0826-4AAE-9060-DB503F19C11A}.R2021|Any CPU.Build.0 = R2021|Any CPU
		{B9393133-0826-4AAE-9060-DB503F19C11A}.R2022|Any CPU.ActiveCfg = R2022|Any CPU
		{B9393133-0826-4AAE-9060-DB503F19C11A}.R2022|Any CPU.Build.0 = R2022|Any CPU
		{B9393133-0826-4AAE-9060-DB503F19C11A}.R2023|Any CPU.ActiveCfg = R2023|Any CPU
		{B9393133-0826-4AAE-9060-DB503F19C11A}.R2023|Any CPU.Build.0 = R2023|Any CPU
	EndGlobalSection
	GlobalSection(SolutionProperties) = preSolution
		HideSolutionNode = FALSE
	EndGlobalSection
EndGlobal
